{
  "version": 4,
  "terraform_version": "0.12.8",
  "serial": 73,
  "lineage": "334e4f05-8fc0-db37-3282-af1dcf0e7ba3",
  "outputs": {
    "instance_ip_addr": {
      "value": [
        "subnet-2eb05855",
        "subnet-6adfd420",
        "subnet-a2408ecb"
      ],
      "type": [
        "set",
        "string"
      ]
    }
  },
  "resources": [
    {
      "mode": "data",
      "type": "aws_availability_zones",
      "name": "all",
      "provider": "provider.aws",
      "instances": [
        {
          "schema_version": 0,
          "attributes": {
            "blacklisted_names": null,
            "blacklisted_zone_ids": null,
            "id": "2019-09-18 00:16:13.654925 +0000 UTC",
            "names": [
              "eu-north-1a",
              "eu-north-1b",
              "eu-north-1c"
            ],
            "state": null,
            "zone_ids": [
              "eun1-az1",
              "eun1-az2",
              "eun1-az3"
            ]
          }
        }
      ]
    },
    {
      "mode": "data",
      "type": "aws_subnet_ids",
      "name": "example",
      "provider": "provider.aws",
      "instances": [
        {
          "schema_version": 0,
          "attributes": {
            "filter": null,
            "id": "vpc-32ab635b",
            "ids": [
              "subnet-2eb05855",
              "subnet-6adfd420",
              "subnet-a2408ecb"
            ],
            "tags": null,
            "vpc_id": "vpc-32ab635b"
          },
          "depends_on": [
            "data.aws_vpc.selected"
          ]
        }
      ]
    },
    {
      "mode": "data",
      "type": "aws_vpc",
      "name": "selected",
      "provider": "provider.aws",
      "instances": [
        {
          "schema_version": 0,
          "attributes": {
            "arn": "arn:aws:ec2:eu-north-1:107312390082:vpc/vpc-32ab635b",
            "cidr_block": "172.31.0.0/16",
            "cidr_block_associations": [
              {
                "association_id": "vpc-cidr-assoc-cc468ea5",
                "cidr_block": "172.31.0.0/16",
                "state": "associated"
              }
            ],
            "default": true,
            "dhcp_options_id": "dopt-baf43cd3",
            "enable_dns_hostnames": true,
            "enable_dns_support": true,
            "filter": null,
            "id": "vpc-32ab635b",
            "instance_tenancy": "default",
            "ipv6_association_id": null,
            "ipv6_cidr_block": null,
            "main_route_table_id": "rtb-34ae655d",
            "owner_id": "107312390082",
            "state": "available",
            "tags": {}
          }
        }
      ]
    },
    {
      "mode": "managed",
      "type": "aws_autoscaling_group",
      "name": "example",
      "provider": "provider.aws",
      "instances": [
        {
          "schema_version": 0,
          "attributes": {
            "arn": "arn:aws:autoscaling:eu-north-1:107312390082:autoScalingGroup:792b74bf-3dd5-4026-aa92-afff9e3d4d0f:autoScalingGroupName/tf-asg-20190917235950888600000002",
            "availability_zones": [
              "eu-north-1a",
              "eu-north-1b",
              "eu-north-1c"
            ],
            "default_cooldown": 300,
            "desired_capacity": 2,
            "enabled_metrics": [],
            "force_delete": false,
            "health_check_grace_period": 300,
            "health_check_type": "EC2",
            "id": "tf-asg-20190917235950888600000002",
            "initial_lifecycle_hook": [],
            "launch_configuration": "terraform-20190917235950309700000001",
            "launch_template": [],
            "load_balancers": [],
            "max_size": 10,
            "metrics_granularity": "1Minute",
            "min_elb_capacity": null,
            "min_size": 2,
            "mixed_instances_policy": [],
            "name": "tf-asg-20190917235950888600000002",
            "name_prefix": null,
            "placement_group": "",
            "protect_from_scale_in": false,
            "service_linked_role_arn": "arn:aws:iam::107312390082:role/aws-service-role/autoscaling.amazonaws.com/AWSServiceRoleForAutoScaling",
            "suspended_processes": [],
            "tag": [
              {
                "key": "Name",
                "propagate_at_launch": true,
                "value": "terraform-asg-example"
              }
            ],
            "tags": null,
            "target_group_arns": [],
            "termination_policies": [],
            "timeouts": null,
            "vpc_zone_identifier": [],
            "wait_for_capacity_timeout": "10m",
            "wait_for_elb_capacity": null
          },
          "private": "eyJlMmJmYjczMC1lY2FhLTExZTYtOGY4OC0zNDM2M2JjN2M0YzAiOnsiZGVsZXRlIjo2MDAwMDAwMDAwMDB9fQ==",
          "depends_on": [
            "aws_launch_configuration.example",
            "data.aws_availability_zones.all"
          ]
        }
      ]
    },
    {
      "mode": "managed",
      "type": "aws_launch_configuration",
      "name": "example",
      "provider": "provider.aws",
      "instances": [
        {
          "schema_version": 0,
          "attributes": {
            "associate_public_ip_address": false,
            "ebs_block_device": [],
            "ebs_optimized": false,
            "enable_monitoring": true,
            "ephemeral_block_device": [],
            "iam_instance_profile": "",
            "id": "terraform-20190917235950309700000001",
            "image_id": "ami-ada823d3",
            "instance_type": "t3.micro",
            "key_name": "",
            "name": "terraform-20190917235950309700000001",
            "name_prefix": null,
            "placement_tenancy": null,
            "root_block_device": [],
            "security_groups": [
              "sg-0d3e62a376e5b23e4"
            ],
            "spot_price": "",
            "user_data": "4430fd6498339061effa6d27ccf341a1e94569d7",
            "user_data_base64": null,
            "vpc_classic_link_id": "",
            "vpc_classic_link_security_groups": []
          },
          "private": "bnVsbA==",
          "depends_on": [
            "aws_security_group.instance"
          ]
        }
      ]
    },
    {
      "mode": "managed",
      "type": "aws_security_group",
      "name": "instance",
      "provider": "provider.aws",
      "instances": [
        {
          "schema_version": 1,
          "attributes": {
            "arn": "arn:aws:ec2:eu-north-1:107312390082:security-group/sg-0d3e62a376e5b23e4",
            "description": "Managed by Terraform",
            "egress": [],
            "id": "sg-0d3e62a376e5b23e4",
            "ingress": [
              {
                "cidr_blocks": [
                  "0.0.0.0/0"
                ],
                "description": "",
                "from_port": 8080,
                "ipv6_cidr_blocks": [],
                "prefix_list_ids": [],
                "protocol": "tcp",
                "security_groups": [],
                "self": false,
                "to_port": 8080
              }
            ],
            "name": "terraform-example-instance",
            "name_prefix": null,
            "owner_id": "107312390082",
            "revoke_rules_on_delete": false,
            "tags": {},
            "timeouts": null,
            "vpc_id": "vpc-32ab635b"
          },
          "private": "eyJlMmJmYjczMC1lY2FhLTExZTYtOGY4OC0zNDM2M2JjN2M0YzAiOnsiY3JlYXRlIjo2MDAwMDAwMDAwMDAsImRlbGV0ZSI6NjAwMDAwMDAwMDAwfSwic2NoZW1hX3ZlcnNpb24iOiIxIn0="
        }
      ]
    }
  ]
}
